
Microsoft Visual Studio Solution File, Format Version 12.00
# Visual Studio 15
VisualStudioVersion = 15.0.26124.0
MinimumVisualStudioVersion = 15.0.26124.0
Project("{FAE04EC0-301F-11D3-BF4B-00C04F79EFBC}") = "Domain", "Domain\Domain.csproj", "{D9032BFB-0306-4389-BD78-778DE881274A}"
EndProject
Project("{FAE04EC0-301F-11D3-BF4B-00C04F79EFBC}") = "VietClassifiedWeb", "VietClassifiedWeb\VietClassifiedWeb.csproj", "{F6B2F8B1-E816-42E4-8DF9-E652CD71BA40}"
EndProject
Global
	GlobalSection(SolutionConfigurationPlatforms) = preSolution
		Debug|Any CPU = Debug|Any CPU
		Debug|x64 = Debug|x64
		Debug|x86 = Debug|x86
		Release|Any CPU = Release|Any CPU
		Release|x64 = Release|x64
		Release|x86 = Release|x86
	EndGlobalSection
	GlobalSection(SolutionProperties) = preSolution
		HideSolutionNode = FALSE
	EndGlobalSection
	GlobalSection(ProjectConfigurationPlatforms) = postSolution
		{D9032BFB-0306-4389-BD78-778DE881274A}.Debug|Any CPU.ActiveCfg = Debug|Any CPU
		{D9032BFB-0306-4389-BD78-778DE881274A}.Debug|Any CPU.Build.0 = Debug|Any CPU
		{D9032BFB-0306-4389-BD78-778DE881274A}.Debug|x64.ActiveCfg = Debug|Any CPU
		{D9032BFB-0306-4389-BD78-778DE881274A}.Debug|x64.Build.0 = Debug|Any CPU
		{D9032BFB-0306-4389-BD78-778DE881274A}.Debug|x86.ActiveCfg = Debug|Any CPU
		{D9032BFB-0306-4389-BD78-778DE881274A}.Debug|x86.Build.0 = Debug|Any CPU
		{D9032BFB-0306-4389-BD78-778DE881274A}.Release|Any CPU.ActiveCfg = Release|Any CPU
		{D9032BFB-0306-4389-BD78-778DE881274A}.Release|Any CPU.Build.0 = Release|Any CPU
		{D9032BFB-0306-4389-BD78-778DE881274A}.Release|x64.ActiveCfg = Release|Any CPU
		{D9032BFB-0306-4389-BD78-778DE881274A}.Release|x64.Build.0 = Release|Any CPU
		{D9032BFB-0306-4389-BD78-778DE881274A}.Release|x86.ActiveCfg = Release|Any CPU
		{D9032BFB-0306-4389-BD78-778DE881274A}.Release|x86.Build.0 = Release|Any CPU
		{F6B2F8B1-E816-42E4-8DF9-E652CD71BA40}.Debug|Any CPU.ActiveCfg = Debug|Any CPU
		{F6B2F8B1-E816-42E4-8DF9-E652CD71BA40}.Debug|Any CPU.Build.0 = Debug|Any CPU
		{F6B2F8B1-E816-42E4-8DF9-E652CD71BA40}.Debug|x64.ActiveCfg = Debug|Any CPU
		{F6B2F8B1-E816-42E4-8DF9-E652CD71BA40}.Debug|x64.Build.0 = Debug|Any CPU
		{F6B2F8B1-E816-42E4-8DF9-E652CD71BA40}.Debug|x86.ActiveCfg = Debug|Any CPU
		{F6B2F8B1-E816-42E4-8DF9-E652CD71BA40}.Debug|x86.Build.0 = Debug|Any CPU
		{F6B2F8B1-E816-42E4-8DF9-E652CD71BA40}.Release|Any CPU.ActiveCfg = Release|Any CPU
		{F6B2F8B1-E816-42E4-8DF9-E652CD71BA40}.Release|Any CPU.Build.0 = Release|Any CPU
		{F6B2F8B1-E816-42E4-8DF9-E652CD71BA40}.Release|x64.ActiveCfg = Release|Any CPU
		{F6B2F8B1-E816-42E4-8DF9-E652CD71BA40}.Release|x64.Build.0 = Release|Any CPU
		{F6B2F8B1-E816-42E4-8DF9-E652CD71BA40}.Release|x86.ActiveCfg = Release|Any CPU
		{F6B2F8B1-E816-42E4-8DF9-E652CD71BA40}.Release|x86.Build.0 = Release|Any CPU
	EndGlobalSection
EndGlobal
